
Microsoft Visual Studio Solution File, Format Version 12.00
# Visual Studio Version 16
VisualStudioVersion = 16.0.30611.23
MinimumVisualStudioVersion = 10.0.40219.1
Project("{2150E333-8FDC-42A3-9474-1A3956D46DE8}") = "Tests", "Tests", "{389F4926-EAEE-456D-A624-02F4963093F0}"
EndProject
Project("{9A19103F-16F7-4668-BE54-9A1E7A4F7556}") = "VetClinic.API", "VetClinic.API\VetClinic.API.csproj", "{775FA52D-1A38-4FCF-9917-F728DB899009}"
EndProject
Project("{9A19103F-16F7-4668-BE54-9A1E7A4F7556}") = "VetClinic.BLL", "VetClinic.BLL\VetClinic.BLL.csproj", "{0EE0A0DA-7D94-4F69-924F-BEABD6D64A9D}"
EndProject
Project("{9A19103F-16F7-4668-BE54-9A1E7A4F7556}") = "VetClinic.DAL", "VetClinic.DAL\VetClinic.DAL.csproj", "{076EBB57-0504-4501-8A52-8B9E810C87FE}"
EndProject
Project("{9A19103F-16F7-4668-BE54-9A1E7A4F7556}") = "VetClinic.API.Tests", "VetClinic.API.Tests\VetClinic.API.Tests.csproj", "{5C3A6B5C-4E63-48E8-9067-ACEA51AE771E}"
EndProject
Project("{9A19103F-16F7-4668-BE54-9A1E7A4F7556}") = "VetClinic.BLL.Tests", "VetClinic.BLL.Tests\VetClinic.BLL.Tests.csproj", "{A8E27599-E671-4741-81E9-3E7DB9B325CA}"
EndProject
Project("{9A19103F-16F7-4668-BE54-9A1E7A4F7556}") = "IdentityServer", "IdentityServer\IdentityServer.csproj", "{0044E9C8-340D-4A9D-9867-41D54C931623}"
EndProject
Project("{9A19103F-16F7-4668-BE54-9A1E7A4F7556}") = "ApiTwo", "ApiTwo\ApiTwo.csproj", "{ACA5EEE9-B4B0-47EC-9568-A6989E66524C}"
EndProject
Project("{9A19103F-16F7-4668-BE54-9A1E7A4F7556}") = "Is4RoleDemo", "..\..\..\source\repos\Is4RoleDemo\Is4RoleDemo.csproj", "{EC45707B-5363-4DEE-952F-6E73D49FFFD4}"
EndProject
Global
	GlobalSection(SolutionConfigurationPlatforms) = preSolution
		Debug|Any CPU = Debug|Any CPU
		Release|Any CPU = Release|Any CPU
	EndGlobalSection
	GlobalSection(ProjectConfigurationPlatforms) = postSolution
		{775FA52D-1A38-4FCF-9917-F728DB899009}.Debug|Any CPU.ActiveCfg = Debug|Any CPU
		{775FA52D-1A38-4FCF-9917-F728DB899009}.Debug|Any CPU.Build.0 = Debug|Any CPU
		{775FA52D-1A38-4FCF-9917-F728DB899009}.Release|Any CPU.ActiveCfg = Release|Any CPU
		{775FA52D-1A38-4FCF-9917-F728DB899009}.Release|Any CPU.Build.0 = Release|Any CPU
		{0EE0A0DA-7D94-4F69-924F-BEABD6D64A9D}.Debug|Any CPU.ActiveCfg = Debug|Any CPU
		{0EE0A0DA-7D94-4F69-924F-BEABD6D64A9D}.Debug|Any CPU.Build.0 = Debug|Any CPU
		{0EE0A0DA-7D94-4F69-924F-BEABD6D64A9D}.Release|Any CPU.ActiveCfg = Release|Any CPU
		{0EE0A0DA-7D94-4F69-924F-BEABD6D64A9D}.Release|Any CPU.Build.0 = Release|Any CPU
		{076EBB57-0504-4501-8A52-8B9E810C87FE}.Debug|Any CPU.ActiveCfg = Debug|Any CPU
		{076EBB57-0504-4501-8A52-8B9E810C87FE}.Debug|Any CPU.Build.0 = Debug|Any CPU
		{076EBB57-0504-4501-8A52-8B9E810C87FE}.Release|Any CPU.ActiveCfg = Release|Any CPU
		{076EBB57-0504-4501-8A52-8B9E810C87FE}.Release|Any CPU.Build.0 = Release|Any CPU
		{5C3A6B5C-4E63-48E8-9067-ACEA51AE771E}.Debug|Any CPU.ActiveCfg = Debug|Any CPU
		{5C3A6B5C-4E63-48E8-9067-ACEA51AE771E}.Debug|Any CPU.Build.0 = Debug|Any CPU
		{5C3A6B5C-4E63-48E8-9067-ACEA51AE771E}.Release|Any CPU.ActiveCfg = Release|Any CPU
		{5C3A6B5C-4E63-48E8-9067-ACEA51AE771E}.Release|Any CPU.Build.0 = Release|Any CPU
		{A8E27599-E671-4741-81E9-3E7DB9B325CA}.Debug|Any CPU.ActiveCfg = Debug|Any CPU
		{A8E27599-E671-4741-81E9-3E7DB9B325CA}.Debug|Any CPU.Build.0 = Debug|Any CPU
		{A8E27599-E671-4741-81E9-3E7DB9B325CA}.Release|Any CPU.ActiveCfg = Release|Any CPU
		{A8E27599-E671-4741-81E9-3E7DB9B325CA}.Release|Any CPU.Build.0 = Release|Any CPU
		{0044E9C8-340D-4A9D-9867-41D54C931623}.Debug|Any CPU.ActiveCfg = Debug|Any CPU
		{0044E9C8-340D-4A9D-9867-41D54C931623}.Debug|Any CPU.Build.0 = Debug|Any CPU
		{0044E9C8-340D-4A9D-9867-41D54C931623}.Release|Any CPU.ActiveCfg = Release|Any CPU
		{0044E9C8-340D-4A9D-9867-41D54C931623}.Release|Any CPU.Build.0 = Release|Any CPU
		{ACA5EEE9-B4B0-47EC-9568-A6989E66524C}.Debug|Any CPU.ActiveCfg = Debug|Any CPU
		{ACA5EEE9-B4B0-47EC-9568-A6989E66524C}.Debug|Any CPU.Build.0 = Debug|Any CPU
		{ACA5EEE9-B4B0-47EC-9568-A6989E66524C}.Release|Any CPU.ActiveCfg = Release|Any CPU
		{ACA5EEE9-B4B0-47EC-9568-A6989E66524C}.Release|Any CPU.Build.0 = Release|Any CPU
		{EC45707B-5363-4DEE-952F-6E73D49FFFD4}.Debug|Any CPU.ActiveCfg = Debug|Any CPU
		{EC45707B-5363-4DEE-952F-6E73D49FFFD4}.Debug|Any CPU.Build.0 = Debug|Any CPU
		{EC45707B-5363-4DEE-952F-6E73D49FFFD4}.Release|Any CPU.ActiveCfg = Release|Any CPU
		{EC45707B-5363-4DEE-952F-6E73D49FFFD4}.Release|Any CPU.Build.0 = Release|Any CPU
	EndGlobalSection
	GlobalSection(SolutionProperties) = preSolution
		HideSolutionNode = FALSE
	EndGlobalSection
	GlobalSection(NestedProjects) = preSolution
		{5C3A6B5C-4E63-48E8-9067-ACEA51AE771E} = {389F4926-EAEE-456D-A624-02F4963093F0}
		{A8E27599-E671-4741-81E9-3E7DB9B325CA} = {389F4926-EAEE-456D-A624-02F4963093F0}
	EndGlobalSection
	GlobalSection(ExtensibilityGlobals) = postSolution
		SolutionGuid = {13E70E3C-E2FC-4479-B296-1A755ACC9AD8}
	EndGlobalSection
EndGlobal
